
Microsoft Visual Studio Solution File, Format Version 12.00
# Visual Studio 15
VisualStudioVersion = 15.0.27428.2037
MinimumVisualStudioVersion = 10.0.40219.1
Project("{FAE04EC0-301F-11D3-BF4B-00C04F79EFBC}") = "ProteusMMX.Android", "ProteusMMX\ProteusMMX.Android\ProteusMMX.Android.csproj", "{E19058F7-3D42-4D16-A640-E17AFC794EFB}"
EndProject
Project("{FAE04EC0-301F-11D3-BF4B-00C04F79EFBC}") = "ProteusMMX.iOS", "ProteusMMX\ProteusMMX.iOS\ProteusMMX.iOS.csproj", "{74E720F2-51B1-4C16-BB2B-34F289977D00}"
EndProject
Project("{FAE04EC0-301F-11D3-BF4B-00C04F79EFBC}") = "ProteusMMX.UWP", "ProteusMMX\ProteusMMX.UWP\ProteusMMX.UWP.csproj", "{013D0A44-CDD5-4DB0-887A-742603649174}"
EndProject
Project("{9A19103F-16F7-4668-BE54-9A1E7A4F7556}") = "ProteusMMX", "ProteusMMX\ProteusMMX\ProteusMMX.csproj", "{7C2C2C03-A6AD-4F6F-B697-0C1175D6A7EF}"
EndProject
Global
	GlobalSection(SolutionConfigurationPlatforms) = preSolution
		Ad-Hoc|Any CPU = Ad-Hoc|Any CPU
		Ad-Hoc|ARM = Ad-Hoc|ARM
		Ad-Hoc|iPhone = Ad-Hoc|iPhone
		Ad-Hoc|iPhoneSimulator = Ad-Hoc|iPhoneSimulator
		Ad-Hoc|x64 = Ad-Hoc|x64
		Ad-Hoc|x86 = Ad-Hoc|x86
		AppStore|Any CPU = AppStore|Any CPU
		AppStore|ARM = AppStore|ARM
		AppStore|iPhone = AppStore|iPhone
		AppStore|iPhoneSimulator = AppStore|iPhoneSimulator
		AppStore|x64 = AppStore|x64
		AppStore|x86 = AppStore|x86
		Debug|Any CPU = Debug|Any CPU
		Debug|ARM = Debug|ARM
		Debug|iPhone = Debug|iPhone
		Debug|iPhoneSimulator = Debug|iPhoneSimulator
		Debug|x64 = Debug|x64
		Debug|x86 = Debug|x86
		Release|Any CPU = Release|Any CPU
		Release|ARM = Release|ARM
		Release|iPhone = Release|iPhone
		Release|iPhoneSimulator = Release|iPhoneSimulator
		Release|x64 = Release|x64
		Release|x86 = Release|x86
	EndGlobalSection
	GlobalSection(ProjectConfigurationPlatforms) = postSolution
		{E19058F7-3D42-4D16-A640-E17AFC794EFB}.Ad-Hoc|Any CPU.ActiveCfg = Release|Any CPU
		{E19058F7-3D42-4D16-A640-E17AFC794EFB}.Ad-Hoc|Any CPU.Build.0 = Release|Any CPU
		{E19058F7-3D42-4D16-A640-E17AFC794EFB}.Ad-Hoc|Any CPU.Deploy.0 = Release|Any CPU
		{E19058F7-3D42-4D16-A640-E17AFC794EFB}.Ad-Hoc|ARM.ActiveCfg = Release|Any CPU
		{E19058F7-3D42-4D16-A640-E17AFC794EFB}.Ad-Hoc|ARM.Build.0 = Release|Any CPU
		{E19058F7-3D42-4D16-A640-E17AFC794EFB}.Ad-Hoc|ARM.Deploy.0 = Release|Any CPU
		{E19058F7-3D42-4D16-A640-E17AFC794EFB}.Ad-Hoc|iPhone.ActiveCfg = Release|Any CPU
		{E19058F7-3D42-4D16-A640-E17AFC794EFB}.Ad-Hoc|iPhone.Build.0 = Release|Any CPU
		{E19058F7-3D42-4D16-A640-E17AFC794EFB}.Ad-Hoc|iPhone.Deploy.0 = Release|Any CPU
		{E19058F7-3D42-4D16-A640-E17AFC794EFB}.Ad-Hoc|iPhoneSimulator.ActiveCfg = Release|Any CPU
		{E19058F7-3D42-4D16-A640-E17AFC794EFB}.Ad-Hoc|iPhoneSimulator.Build.0 = Release|Any CPU
		{E19058F7-3D42-4D16-A640-E17AFC794EFB}.Ad-Hoc|iPhoneSimulator.Deploy.0 = Release|Any CPU
		{E19058F7-3D42-4D16-A640-E17AFC794EFB}.Ad-Hoc|x64.ActiveCfg = Release|Any CPU
		{E19058F7-3D42-4D16-A640-E17AFC794EFB}.Ad-Hoc|x64.Build.0 = Release|Any CPU
		{E19058F7-3D42-4D16-A640-E17AFC794EFB}.Ad-Hoc|x64.Deploy.0 = Release|Any CPU
		{E19058F7-3D42-4D16-A640-E17AFC794EFB}.Ad-Hoc|x86.ActiveCfg = Release|Any CPU
		{E19058F7-3D42-4D16-A640-E17AFC794EFB}.Ad-Hoc|x86.Build.0 = Release|Any CPU
		{E19058F7-3D42-4D16-A640-E17AFC794EFB}.Ad-Hoc|x86.Deploy.0 = Release|Any CPU
		{E19058F7-3D42-4D16-A640-E17AFC794EFB}.AppStore|Any CPU.ActiveCfg = Release|Any CPU
		{E19058F7-3D42-4D16-A640-E17AFC794EFB}.AppStore|Any CPU.Build.0 = Release|Any CPU
		{E19058F7-3D42-4D16-A640-E17AFC794EFB}.AppStore|Any CPU.Deploy.0 = Release|Any CPU
		{E19058F7-3D42-4D16-A640-E17AFC794EFB}.AppStore|ARM.ActiveCfg = Release|Any CPU
		{E19058F7-3D42-4D16-A640-E17AFC794EFB}.AppStore|ARM.Build.0 = Release|Any CPU
		{E19058F7-3D42-4D16-A640-E17AFC794EFB}.AppStore|ARM.Deploy.0 = Release|Any CPU
		{E19058F7-3D42-4D16-A640-E17AFC794EFB}.AppStore|iPhone.ActiveCfg = Release|Any CPU
		{E19058F7-3D42-4D16-A640-E17AFC794EFB}.AppStore|iPhone.Build.0 = Release|Any CPU
		{E19058F7-3D42-4D16-A640-E17AFC794EFB}.AppStore|iPhone.Deploy.0 = Release|Any CPU
		{E19058F7-3D42-4D16-A640-E17AFC794EFB}.AppStore|iPhoneSimulator.ActiveCfg = Release|Any CPU
		{E19058F7-3D42-4D16-A640-E17AFC794EFB}.AppStore|iPhoneSimulator.Build.0 = Release|Any CPU
		{E19058F7-3D42-4D16-A640-E17AFC794EFB}.AppStore|iPhoneSimulator.Deploy.0 = Release|Any CPU
		{E19058F7-3D42-4D16-A640-E17AFC794EFB}.AppStore|x64.ActiveCfg = Release|Any CPU
		{E19058F7-3D42-4D16-A640-E17AFC794EFB}.AppStore|x64.Build.0 = Release|Any CPU
		{E19058F7-3D42-4D16-A640-E17AFC794EFB}.AppStore|x64.Deploy.0 = Release|Any CPU
		{E19058F7-3D42-4D16-A640-E17AFC794EFB}.AppStore|x86.ActiveCfg = Release|Any CPU
		{E19058F7-3D42-4D16-A640-E17AFC794EFB}.AppStore|x86.Build.0 = Release|Any CPU
		{E19058F7-3D42-4D16-A640-E17AFC794EFB}.AppStore|x86.Deploy.0 = Release|Any CPU
		{E19058F7-3D42-4D16-A640-E17AFC794EFB}.Debug|Any CPU.ActiveCfg = Debug|Any CPU
		{E19058F7-3D42-4D16-A640-E17AFC794EFB}.Debug|Any CPU.Build.0 = Debug|Any CPU
		{E19058F7-3D42-4D16-A640-E17AFC794EFB}.Debug|Any CPU.Deploy.0 = Debug|Any CPU
		{E19058F7-3D42-4D16-A640-E17AFC794EFB}.Debug|ARM.ActiveCfg = Debug|Any CPU
		{E19058F7-3D42-4D16-A640-E17AFC794EFB}.Debug|ARM.Build.0 = Debug|Any CPU
		{E19058F7-3D42-4D16-A640-E17AFC794EFB}.Debug|ARM.Deploy.0 = Debug|Any CPU
		{E19058F7-3D42-4D16-A640-E17AFC794EFB}.Debug|iPhone.ActiveCfg = Debug|Any CPU
		{E19058F7-3D42-4D16-A640-E17AFC794EFB}.Debug|iPhone.Build.0 = Debug|Any CPU
		{E19058F7-3D42-4D16-A640-E17AFC794EFB}.Debug|iPhone.Deploy.0 = Debug|Any CPU
		{E19058F7-3D42-4D16-A640-E17AFC794EFB}.Debug|iPhoneSimulator.ActiveCfg = Debug|Any CPU
		{E19058F7-3D42-4D16-A640-E17AFC794EFB}.Debug|iPhoneSimulator.Build.0 = Debug|Any CPU
		{E19058F7-3D42-4D16-A640-E17AFC794EFB}.Debug|iPhoneSimulator.Deploy.0 = Debug|Any CPU
		{E19058F7-3D42-4D16-A640-E17AFC794EFB}.Debug|x64.ActiveCfg = Debug|Any CPU
		{E19058F7-3D42-4D16-A640-E17AFC794EFB}.Debug|x64.Build.0 = Debug|Any CPU
		{E19058F7-3D42-4D16-A640-E17AFC794EFB}.Debug|x64.Deploy.0 = Debug|Any CPU
		{E19058F7-3D42-4D16-A640-E17AFC794EFB}.Debug|x86.ActiveCfg = Debug|Any CPU
		{E19058F7-3D42-4D16-A640-E17AFC794EFB}.Debug|x86.Build.0 = Debug|Any CPU
		{E19058F7-3D42-4D16-A640-E17AFC794EFB}.Debug|x86.Deploy.0 = Debug|Any CPU
		{E19058F7-3D42-4D16-A640-E17AFC794EFB}.Release|Any CPU.ActiveCfg = Release|Any CPU
		{E19058F7-3D42-4D16-A640-E17AFC794EFB}.Release|Any CPU.Build.0 = Release|Any CPU
		{E19058F7-3D42-4D16-A640-E17AFC794EFB}.Release|Any CPU.Deploy.0 = Release|Any CPU
		{E19058F7-3D42-4D16-A640-E17AFC794EFB}.Release|ARM.ActiveCfg = Release|Any CPU
		{E19058F7-3D42-4D16-A640-E17AFC794EFB}.Release|ARM.Build.0 = Release|Any CPU
		{E19058F7-3D42-4D16-A640-E17AFC794EFB}.Release|ARM.Deploy.0 = Release|Any CPU
		{E19058F7-3D42-4D16-A640-E17AFC794EFB}.Release|iPhone.ActiveCfg = Release|Any CPU
		{E19058F7-3D42-4D16-A640-E17AFC794EFB}.Release|iPhone.Build.0 = Release|Any CPU
		{E19058F7-3D42-4D16-A640-E17AFC794EFB}.Release|iPhone.Deploy.0 = Release|Any CPU
		{E19058F7-3D42-4D16-A640-E17AFC794EFB}.Release|iPhoneSimulator.ActiveCfg = Release|Any CPU
		{E19058F7-3D42-4D16-A640-E17AFC794EFB}.Release|iPhoneSimulator.Build.0 = Release|Any CPU
		{E19058F7-3D42-4D16-A640-E17AFC794EFB}.Release|iPhoneSimulator.Deploy.0 = Release|Any CPU
		{E19058F7-3D42-4D16-A640-E17AFC794EFB}.Release|x64.ActiveCfg = Release|Any CPU
		{E19058F7-3D42-4D16-A640-E17AFC794EFB}.Release|x64.Build.0 = Release|Any CPU
		{E19058F7-3D42-4D16-A640-E17AFC794EFB}.Release|x64.Deploy.0 = Release|Any CPU
		{E19058F7-3D42-4D16-A640-E17AFC794EFB}.Release|x86.ActiveCfg = Release|Any CPU
		{E19058F7-3D42-4D16-A640-E17AFC794EFB}.Release|x86.Build.0 = Release|Any CPU
		{E19058F7-3D42-4D16-A640-E17AFC794EFB}.Release|x86.Deploy.0 = Release|Any CPU
		{74E720F2-51B1-4C16-BB2B-34F289977D00}.Ad-Hoc|Any CPU.ActiveCfg = Ad-Hoc|iPhone
		{74E720F2-51B1-4C16-BB2B-34F289977D00}.Ad-Hoc|Any CPU.Build.0 = Ad-Hoc|iPhone
		{74E720F2-51B1-4C16-BB2B-34F289977D00}.Ad-Hoc|ARM.ActiveCfg = Ad-Hoc|iPhone
		{74E720F2-51B1-4C16-BB2B-34F289977D00}.Ad-Hoc|iPhone.ActiveCfg = Ad-Hoc|iPhone
		{74E720F2-51B1-4C16-BB2B-34F289977D00}.Ad-Hoc|iPhone.Build.0 = Ad-Hoc|iPhone
		{74E720F2-51B1-4C16-BB2B-34F289977D00}.Ad-Hoc|iPhoneSimulator.ActiveCfg = Ad-Hoc|iPhoneSimulator
		{74E720F2-51B1-4C16-BB2B-34F289977D00}.Ad-Hoc|iPhoneSimulator.Build.0 = Ad-Hoc|iPhoneSimulator
		{74E720F2-51B1-4C16-BB2B-34F289977D00}.Ad-Hoc|x64.ActiveCfg = Ad-Hoc|iPhone
		{74E720F2-51B1-4C16-BB2B-34F289977D00}.Ad-Hoc|x86.ActiveCfg = Ad-Hoc|iPhone
		{74E720F2-51B1-4C16-BB2B-34F289977D00}.AppStore|Any CPU.ActiveCfg = AppStore|iPhone
		{74E720F2-51B1-4C16-BB2B-34F289977D00}.AppStore|ARM.ActiveCfg = AppStore|iPhone
		{74E720F2-51B1-4C16-BB2B-34F289977D00}.AppStore|iPhone.ActiveCfg = AppStore|iPhone
		{74E720F2-51B1-4C16-BB2B-34F289977D00}.AppStore|iPhone.Build.0 = AppStore|iPhone
		{74E720F2-51B1-4C16-BB2B-34F289977D00}.AppStore|iPhoneSimulator.ActiveCfg = AppStore|iPhoneSimulator
		{74E720F2-51B1-4C16-BB2B-34F289977D00}.AppStore|iPhoneSimulator.Build.0 = AppStore|iPhoneSimulator
		{74E720F2-51B1-4C16-BB2B-34F289977D00}.AppStore|x64.ActiveCfg = AppStore|iPhone
		{74E720F2-51B1-4C16-BB2B-34F289977D00}.AppStore|x86.ActiveCfg = AppStore|iPhone
		{74E720F2-51B1-4C16-BB2B-34F289977D00}.Debug|Any CPU.ActiveCfg = Debug|iPhone
		{74E720F2-51B1-4C16-BB2B-34F289977D00}.Debug|ARM.ActiveCfg = Debug|iPhone
		{74E720F2-51B1-4C16-BB2B-34F289977D00}.Debug|iPhone.ActiveCfg = Debug|iPhone
		{74E720F2-51B1-4C16-BB2B-34F289977D00}.Debug|iPhone.Build.0 = Debug|iPhone
		{74E720F2-51B1-4C16-BB2B-34F289977D00}.Debug|iPhoneSimulator.ActiveCfg = Debug|iPhoneSimulator
		{74E720F2-51B1-4C16-BB2B-34F289977D00}.Debug|iPhoneSimulator.Build.0 = Debug|iPhoneSimulator
		{74E720F2-51B1-4C16-BB2B-34F289977D00}.Debug|x64.ActiveCfg = Debug|iPhone
		{74E720F2-51B1-4C16-BB2B-34F289977D00}.Debug|x86.ActiveCfg = Debug|iPhone
		{74E720F2-51B1-4C16-BB2B-34F289977D00}.Release|Any CPU.ActiveCfg = Release|iPhone
		{74E720F2-51B1-4C16-BB2B-34F289977D00}.Release|Any CPU.Build.0 = Release|iPhone
		{74E720F2-51B1-4C16-BB2B-34F289977D00}.Release|ARM.ActiveCfg = Release|iPhone
		{74E720F2-51B1-4C16-BB2B-34F289977D00}.Release|iPhone.ActiveCfg = Release|iPhone
		{74E720F2-51B1-4C16-BB2B-34F289977D00}.Release|iPhone.Build.0 = Release|iPhone
		{74E720F2-51B1-4C16-BB2B-34F289977D00}.Release|iPhoneSimulator.ActiveCfg = Release|iPhoneSimulator
		{74E720F2-51B1-4C16-BB2B-34F289977D00}.Release|iPhoneSimulator.Build.0 = Release|iPhoneSimulator
		{74E720F2-51B1-4C16-BB2B-34F289977D00}.Release|x64.ActiveCfg = Release|iPhone
		{74E720F2-51B1-4C16-BB2B-34F289977D00}.Release|x86.ActiveCfg = Release|iPhone
		{013D0A44-CDD5-4DB0-887A-742603649174}.Ad-Hoc|Any CPU.ActiveCfg = Release|x86
		{013D0A44-CDD5-4DB0-887A-742603649174}.Ad-Hoc|Any CPU.Build.0 = Release|x86
		{013D0A44-CDD5-4DB0-887A-742603649174}.Ad-Hoc|Any CPU.Deploy.0 = Release|x86
		{013D0A44-CDD5-4DB0-887A-742603649174}.Ad-Hoc|ARM.ActiveCfg = Release|ARM
		{013D0A44-CDD5-4DB0-887A-742603649174}.Ad-Hoc|ARM.Build.0 = Release|ARM
		{013D0A44-CDD5-4DB0-887A-742603649174}.Ad-Hoc|ARM.Deploy.0 = Release|ARM
		{013D0A44-CDD5-4DB0-887A-742603649174}.Ad-Hoc|iPhone.ActiveCfg = Release|x86
		{013D0A44-CDD5-4DB0-887A-742603649174}.Ad-Hoc|iPhone.Build.0 = Release|x86
		{013D0A44-CDD5-4DB0-887A-742603649174}.Ad-Hoc|iPhone.Deploy.0 = Release|x86
		{013D0A44-CDD5-4DB0-887A-742603649174}.Ad-Hoc|iPhoneSimulator.ActiveCfg = Release|x86
		{013D0A44-CDD5-4DB0-887A-742603649174}.Ad-Hoc|iPhoneSimulator.Build.0 = Release|x86
		{013D0A44-CDD5-4DB0-887A-742603649174}.Ad-Hoc|iPhoneSimulator.Deploy.0 = Release|x86
		{013D0A44-CDD5-4DB0-887A-742603649174}.Ad-Hoc|x64.ActiveCfg = Release|x64
		{013D0A44-CDD5-4DB0-887A-742603649174}.Ad-Hoc|x64.Build.0 = Release|x64
		{013D0A44-CDD5-4DB0-887A-742603649174}.Ad-Hoc|x64.Deploy.0 = Release|x64
		{013D0A44-CDD5-4DB0-887A-742603649174}.Ad-Hoc|x86.ActiveCfg = Release|x86
		{013D0A44-CDD5-4DB0-887A-742603649174}.Ad-Hoc|x86.Build.0 = Release|x86
		{013D0A44-CDD5-4DB0-887A-742603649174}.Ad-Hoc|x86.Deploy.0 = Release|x86
		{013D0A44-CDD5-4DB0-887A-742603649174}.AppStore|Any CPU.ActiveCfg = Release|x86
		{013D0A44-CDD5-4DB0-887A-742603649174}.AppStore|Any CPU.Build.0 = Release|x86
		{013D0A44-CDD5-4DB0-887A-742603649174}.AppStore|Any CPU.Deploy.0 = Release|x86
		{013D0A44-CDD5-4DB0-887A-742603649174}.AppStore|ARM.ActiveCfg = Release|ARM
		{013D0A44-CDD5-4DB0-887A-742603649174}.AppStore|ARM.Build.0 = Release|ARM
		{013D0A44-CDD5-4DB0-887A-742603649174}.AppStore|ARM.Deploy.0 = Release|ARM
		{013D0A44-CDD5-4DB0-887A-742603649174}.AppStore|iPhone.ActiveCfg = Release|x86
		{013D0A44-CDD5-4DB0-887A-742603649174}.AppStore|iPhone.Build.0 = Release|x86
		{013D0A44-CDD5-4DB0-887A-742603649174}.AppStore|iPhone.Deploy.0 = Release|x86
		{013D0A44-CDD5-4DB0-887A-742603649174}.AppStore|iPhoneSimulator.ActiveCfg = Release|x86
		{013D0A44-CDD5-4DB0-887A-742603649174}.AppStore|iPhoneSimulator.Build.0 = Release|x86
		{013D0A44-CDD5-4DB0-887A-742603649174}.AppStore|iPhoneSimulator.Deploy.0 = Release|x86
		{013D0A44-CDD5-4DB0-887A-742603649174}.AppStore|x64.ActiveCfg = Release|x64
		{013D0A44-CDD5-4DB0-887A-742603649174}.AppStore|x64.Build.0 = Release|x64
		{013D0A44-CDD5-4DB0-887A-742603649174}.AppStore|x64.Deploy.0 = Release|x64
		{013D0A44-CDD5-4DB0-887A-742603649174}.AppStore|x86.ActiveCfg = Release|x86
		{013D0A44-CDD5-4DB0-887A-742603649174}.AppStore|x86.Build.0 = Release|x86
		{013D0A44-CDD5-4DB0-887A-742603649174}.AppStore|x86.Deploy.0 = Release|x86
		{013D0A44-CDD5-4DB0-887A-742603649174}.Debug|Any CPU.ActiveCfg = Debug|x86
		{013D0A44-CDD5-4DB0-887A-742603649174}.Debug|Any CPU.Build.0 = Debug|x86
		{013D0A44-CDD5-4DB0-887A-742603649174}.Debug|Any CPU.Deploy.0 = Debug|x86
		{013D0A44-CDD5-4DB0-887A-742603649174}.Debug|ARM.ActiveCfg = Debug|ARM
		{013D0A44-CDD5-4DB0-887A-742603649174}.Debug|ARM.Build.0 = Debug|ARM
		{013D0A44-CDD5-4DB0-887A-742603649174}.Debug|ARM.Deploy.0 = Debug|ARM
		{013D0A44-CDD5-4DB0-887A-742603649174}.Debug|iPhone.ActiveCfg = Debug|x86
		{013D0A44-CDD5-4DB0-887A-742603649174}.Debug|iPhoneSimulator.ActiveCfg = Debug|x86
		{013D0A44-CDD5-4DB0-887A-742603649174}.Debug|x64.ActiveCfg = Debug|x64
		{013D0A44-CDD5-4DB0-887A-742603649174}.Debug|x64.Build.0 = Debug|x64
		{013D0A44-CDD5-4DB0-887A-742603649174}.Debug|x64.Deploy.0 = Debug|x64
		{013D0A44-CDD5-4DB0-887A-742603649174}.Debug|x86.ActiveCfg = Debug|x86
		{013D0A44-CDD5-4DB0-887A-742603649174}.Debug|x86.Build.0 = Debug|x86
		{013D0A44-CDD5-4DB0-887A-742603649174}.Debug|x86.Deploy.0 = Debug|x86
		{013D0A44-CDD5-4DB0-887A-742603649174}.Release|Any CPU.ActiveCfg = Release|x86
		{013D0A44-CDD5-4DB0-887A-742603649174}.Release|Any CPU.Build.0 = Release|x86
		{013D0A44-CDD5-4DB0-887A-742603649174}.Release|Any CPU.Deploy.0 = Release|x86
		{013D0A44-CDD5-4DB0-887A-742603649174}.Release|ARM.ActiveCfg = Release|ARM
		{013D0A44-CDD5-4DB0-887A-742603649174}.Release|ARM.Build.0 = Release|ARM
		{013D0A44-CDD5-4DB0-887A-742603649174}.Release|ARM.Deploy.0 = Release|ARM
		{013D0A44-CDD5-4DB0-887A-742603649174}.Release|iPhone.ActiveCfg = Release|x86
		{013D0A44-CDD5-4DB0-887A-742603649174}.Release|iPhoneSimulator.ActiveCfg = Release|x86
		{013D0A44-CDD5-4DB0-887A-742603649174}.Release|x64.ActiveCfg = Release|x64
		{013D0A44-CDD5-4DB0-887A-742603649174}.Release|x64.Build.0 = Release|x64
		{013D0A44-CDD5-4DB0-887A-742603649174}.Release|x64.Deploy.0 = Release|x64
		{013D0A44-CDD5-4DB0-887A-742603649174}.Release|x86.ActiveCfg = Release|x86
		{013D0A44-CDD5-4DB0-887A-742603649174}.Release|x86.Build.0 = Release|x86
		{013D0A44-CDD5-4DB0-887A-742603649174}.Release|x86.Deploy.0 = Release|x86
		{7C2C2C03-A6AD-4F6F-B697-0C1175D6A7EF}.Ad-Hoc|Any CPU.ActiveCfg = Debug|Any CPU
		{7C2C2C03-A6AD-4F6F-B697-0C1175D6A7EF}.Ad-Hoc|Any CPU.Build.0 = Debug|Any CPU
		{7C2C2C03-A6AD-4F6F-B697-0C1175D6A7EF}.Ad-Hoc|ARM.ActiveCfg = Debug|Any CPU
		{7C2C2C03-A6AD-4F6F-B697-0C1175D6A7EF}.Ad-Hoc|ARM.Build.0 = Debug|Any CPU
		{7C2C2C03-A6AD-4F6F-B697-0C1175D6A7EF}.Ad-Hoc|iPhone.ActiveCfg = Debug|Any CPU
		{7C2C2C03-A6AD-4F6F-B697-0C1175D6A7EF}.Ad-Hoc|iPhone.Build.0 = Debug|Any CPU
		{7C2C2C03-A6AD-4F6F-B697-0C1175D6A7EF}.Ad-Hoc|iPhoneSimulator.ActiveCfg = Debug|Any CPU
		{7C2C2C03-A6AD-4F6F-B697-0C1175D6A7EF}.Ad-Hoc|iPhoneSimulator.Build.0 = Debug|Any CPU
		{7C2C2C03-A6AD-4F6F-B697-0C1175D6A7EF}.Ad-Hoc|x64.ActiveCfg = Debug|Any CPU
		{7C2C2C03-A6AD-4F6F-B697-0C1175D6A7EF}.Ad-Hoc|x64.Build.0 = Debug|Any CPU
		{7C2C2C03-A6AD-4F6F-B697-0C1175D6A7EF}.Ad-Hoc|x86.ActiveCfg = Debug|Any CPU
		{7C2C2C03-A6AD-4F6F-B697-0C1175D6A7EF}.Ad-Hoc|x86.Build.0 = Debug|Any CPU
		{7C2C2C03-A6AD-4F6F-B697-0C1175D6A7EF}.AppStore|Any CPU.ActiveCfg = Debug|Any CPU
		{7C2C2C03-A6AD-4F6F-B697-0C1175D6A7EF}.AppStore|Any CPU.Build.0 = Debug|Any CPU
		{7C2C2C03-A6AD-4F6F-B697-0C1175D6A7EF}.AppStore|ARM.ActiveCfg = Debug|Any CPU
		{7C2C2C03-A6AD-4F6F-B697-0C1175D6A7EF}.AppStore|ARM.Build.0 = Debug|Any CPU
		{7C2C2C03-A6AD-4F6F-B697-0C1175D6A7EF}.AppStore|iPhone.ActiveCfg = Debug|Any CPU
		{7C2C2C03-A6AD-4F6F-B697-0C1175D6A7EF}.AppStore|iPhone.Build.0 = Debug|Any CPU
		{7C2C2C03-A6AD-4F6F-B697-0C1175D6A7EF}.AppStore|iPhoneSimulator.ActiveCfg = Debug|Any CPU
		{7C2C2C03-A6AD-4F6F-B697-0C1175D6A7EF}.AppStore|iPhoneSimulator.Build.0 = Debug|Any CPU
		{7C2C2C03-A6AD-4F6F-B697-0C1175D6A7EF}.AppStore|x64.ActiveCfg = Debug|Any CPU
		{7C2C2C03-A6AD-4F6F-B697-0C1175D6A7EF}.AppStore|x64.Build.0 = Debug|Any CPU
		{7C2C2C03-A6AD-4F6F-B697-0C1175D6A7EF}.AppStore|x86.ActiveCfg = Debug|Any CPU
		{7C2C2C03-A6AD-4F6F-B697-0C1175D6A7EF}.AppStore|x86.Build.0 = Debug|Any CPU
		{7C2C2C03-A6AD-4F6F-B697-0C1175D6A7EF}.Debug|Any CPU.ActiveCfg = Debug|Any CPU
		{7C2C2C03-A6AD-4F6F-B697-0C1175D6A7EF}.Debug|Any CPU.Build.0 = Debug|Any CPU
		{7C2C2C03-A6AD-4F6F-B697-0C1175D6A7EF}.Debug|ARM.ActiveCfg = Debug|Any CPU
		{7C2C2C03-A6AD-4F6F-B697-0C1175D6A7EF}.Debug|ARM.Build.0 = Debug|Any CPU
		{7C2C2C03-A6AD-4F6F-B697-0C1175D6A7EF}.Debug|iPhone.ActiveCfg = Debug|Any CPU
		{7C2C2C03-A6AD-4F6F-B697-0C1175D6A7EF}.Debug|iPhone.Build.0 = Debug|Any CPU
		{7C2C2C03-A6AD-4F6F-B697-0C1175D6A7EF}.Debug|iPhoneSimulator.ActiveCfg = Debug|Any CPU
		{7C2C2C03-A6AD-4F6F-B697-0C1175D6A7EF}.Debug|iPhoneSimulator.Build.0 = Debug|Any CPU
		{7C2C2C03-A6AD-4F6F-B697-0C1175D6A7EF}.Debug|x64.ActiveCfg = Debug|Any CPU
		{7C2C2C03-A6AD-4F6F-B697-0C1175D6A7EF}.Debug|x64.Build.0 = Debug|Any CPU
		{7C2C2C03-A6AD-4F6F-B697-0C1175D6A7EF}.Debug|x86.ActiveCfg = Debug|Any CPU
		{7C2C2C03-A6AD-4F6F-B697-0C1175D6A7EF}.Debug|x86.Build.0 = Debug|Any CPU
		{7C2C2C03-A6AD-4F6F-B697-0C1175D6A7EF}.Release|Any CPU.ActiveCfg = Release|Any CPU
		{7C2C2C03-A6AD-4F6F-B697-0C1175D6A7EF}.Release|Any CPU.Build.0 = Release|Any CPU
		{7C2C2C03-A6AD-4F6F-B697-0C1175D6A7EF}.Release|ARM.ActiveCfg = Release|Any CPU
		{7C2C2C03-A6AD-4F6F-B697-0C1175D6A7EF}.Release|ARM.Build.0 = Release|Any CPU
		{7C2C2C03-A6AD-4F6F-B697-0C1175D6A7EF}.Release|iPhone.ActiveCfg = Release|Any CPU
		{7C2C2C03-A6AD-4F6F-B697-0C1175D6A7EF}.Release|iPhone.Build.0 = Release|Any CPU
		{7C2C2C03-A6AD-4F6F-B697-0C1175D6A7EF}.Release|iPhoneSimulator.ActiveCfg = Release|Any CPU
		{7C2C2C03-A6AD-4F6F-B697-0C1175D6A7EF}.Release|iPhoneSimulator.Build.0 = Release|Any CPU
		{7C2C2C03-A6AD-4F6F-B697-0C1175D6A7EF}.Release|x64.ActiveCfg = Release|Any CPU
		{7C2C2C03-A6AD-4F6F-B697-0C1175D6A7EF}.Release|x64.Build.0 = Release|Any CPU
		{7C2C2C03-A6AD-4F6F-B697-0C1175D6A7EF}.Release|x86.ActiveCfg = Release|Any CPU
		{7C2C2C03-A6AD-4F6F-B697-0C1175D6A7EF}.Release|x86.Build.0 = Release|Any CPU
	EndGlobalSection
	GlobalSection(SolutionProperties) = preSolution
		HideSolutionNode = FALSE
	EndGlobalSection
	GlobalSection(ExtensibilityGlobals) = postSolution
		SolutionGuid = {6404871C-98A5-4134-9E62-E05D8DD28B1B}
	EndGlobalSection
EndGlobal
